
Microsoft Visual Studio Solution File, Format Version 12.00
# Visual Studio Version 17
VisualStudioVersion = 17.4.33110.190
MinimumVisualStudioVersion = 10.0.40219.1
Project("{FAE04EC0-301F-11D3-BF4B-00C04F79EFBC}") = "Snake-cli.ndp48", "Snake-cli.ndp48.csproj", "{9504CA6B-2508-4B7F-85A6-BBEB0EA31EF4}"
EndProject
Global
	GlobalSection(SolutionConfigurationPlatforms) = preSolution
		Debug|Any CPU = Debug|Any CPU
		Release|Any CPU = Release|Any CPU
	EndGlobalSection
	GlobalSection(ProjectConfigurationPlatforms) = postSolution
		{9504CA6B-2508-4B7F-85A6-BBEB0EA31EF4}.Debug|Any CPU.ActiveCfg = Debug|Any CPU
		{9504CA6B-2508-4B7F-85A6-BBEB0EA31EF4}.Debug|Any CPU.Build.0 = Debug|Any CPU
		{9504CA6B-2508-4B7F-85A6-BBEB0EA31EF4}.Release|Any CPU.ActiveCfg = Release|Any CPU
		{9504CA6B-2508-4B7F-85A6-BBEB0EA31EF4}.Release|Any CPU.Build.0 = Release|Any CPU
	EndGlobalSection
	GlobalSection(SolutionProperties) = preSolution
		HideSolutionNode = FALSE
	EndGlobalSection
	GlobalSection(ExtensibilityGlobals) = postSolution
		SolutionGuid = {042F39C8-99B9-468B-917B-7BBA4D53554F}
	EndGlobalSection
EndGlobal
